
Microsoft Visual Studio Solution File, Format Version 12.00
# Visual Studio 14
VisualStudioVersion = 14.0.25420.1
MinimumVisualStudioVersion = 10.0.40219.1
Project("{FAE04EC0-301F-11D3-BF4B-00C04F79EFBC}") = "Store.Web", "Store.Web\Store.Web.csproj", "{FBF990B9-C1B3-4064-B786-FC81BDCC37B1}"
EndProject
Project("{FAE04EC0-301F-11D3-BF4B-00C04F79EFBC}") = "Store.Data", "Store.Data\Store.Data.csproj", "{FF4F0C13-31D0-4DD1-B78A-C544FE0CB595}"
EndProject
Project("{FAE04EC0-301F-11D3-BF4B-00C04F79EFBC}") = "Store.Models", "Store.Models\Store.Models.csproj", "{08BD8315-A37C-4389-AA9C-3DD24ED04361}"
EndProject
Project("{FAE04EC0-301F-11D3-BF4B-00C04F79EFBC}") = "Store.Services", "Store.Services\Store.Services.csproj", "{6F1D0325-19FC-4F54-A2E4-2AE0DCCAD0BB}"
EndProject
Project("{FAE04EC0-301F-11D3-BF4B-00C04F79EFBC}") = "Store.Infrastructure", "Store.Infrastructure\Store.Infrastructure.csproj", "{B6921624-5A82-4292-B107-B490A70426F5}"
EndProject
Global
	GlobalSection(SolutionConfigurationPlatforms) = preSolution
		Debug|Any CPU = Debug|Any CPU
		Release|Any CPU = Release|Any CPU
	EndGlobalSection
	GlobalSection(ProjectConfigurationPlatforms) = postSolution
		{FBF990B9-C1B3-4064-B786-FC81BDCC37B1}.Debug|Any CPU.ActiveCfg = Debug|Any CPU
		{FBF990B9-C1B3-4064-B786-FC81BDCC37B1}.Debug|Any CPU.Build.0 = Debug|Any CPU
		{FBF990B9-C1B3-4064-B786-FC81BDCC37B1}.Release|Any CPU.ActiveCfg = Release|Any CPU
		{FBF990B9-C1B3-4064-B786-FC81BDCC37B1}.Release|Any CPU.Build.0 = Release|Any CPU
		{FF4F0C13-31D0-4DD1-B78A-C544FE0CB595}.Debug|Any CPU.ActiveCfg = Debug|Any CPU
		{FF4F0C13-31D0-4DD1-B78A-C544FE0CB595}.Debug|Any CPU.Build.0 = Debug|Any CPU
		{FF4F0C13-31D0-4DD1-B78A-C544FE0CB595}.Release|Any CPU.ActiveCfg = Release|Any CPU
		{FF4F0C13-31D0-4DD1-B78A-C544FE0CB595}.Release|Any CPU.Build.0 = Release|Any CPU
		{08BD8315-A37C-4389-AA9C-3DD24ED04361}.Debug|Any CPU.ActiveCfg = Debug|Any CPU
		{08BD8315-A37C-4389-AA9C-3DD24ED04361}.Debug|Any CPU.Build.0 = Debug|Any CPU
		{08BD8315-A37C-4389-AA9C-3DD24ED04361}.Release|Any CPU.ActiveCfg = Release|Any CPU
		{08BD8315-A37C-4389-AA9C-3DD24ED04361}.Release|Any CPU.Build.0 = Release|Any CPU
		{6F1D0325-19FC-4F54-A2E4-2AE0DCCAD0BB}.Debug|Any CPU.ActiveCfg = Debug|Any CPU
		{6F1D0325-19FC-4F54-A2E4-2AE0DCCAD0BB}.Debug|Any CPU.Build.0 = Debug|Any CPU
		{6F1D0325-19FC-4F54-A2E4-2AE0DCCAD0BB}.Release|Any CPU.ActiveCfg = Release|Any CPU
		{6F1D0325-19FC-4F54-A2E4-2AE0DCCAD0BB}.Release|Any CPU.Build.0 = Release|Any CPU
		{B6921624-5A82-4292-B107-B490A70426F5}.Debug|Any CPU.ActiveCfg = Debug|Any CPU
		{B6921624-5A82-4292-B107-B490A70426F5}.Debug|Any CPU.Build.0 = Debug|Any CPU
		{B6921624-5A82-4292-B107-B490A70426F5}.Release|Any CPU.ActiveCfg = Release|Any CPU
		{B6921624-5A82-4292-B107-B490A70426F5}.Release|Any CPU.Build.0 = Release|Any CPU
	EndGlobalSection
	GlobalSection(SolutionProperties) = preSolution
		HideSolutionNode = FALSE
	EndGlobalSection
EndGlobal
